
Microsoft Visual Studio Solution File, Format Version 12.00
# Visual Studio 15
VisualStudioVersion = 15.0.28010.2046
MinimumVisualStudioVersion = 10.0.40219.1
Project("{FAE04EC0-301F-11D3-BF4B-00C04F79EFBC}") = "SIR Online", "SIR Online\SIR Online.csproj", "{AB079708-2D99-4BFA-9A49-C78DAE0B7F26}"
EndProject
Global
	GlobalSection(SolutionConfigurationPlatforms) = preSolution
		Debug|Any CPU = Debug|Any CPU
		Release|Any CPU = Release|Any CPU
	EndGlobalSection
	GlobalSection(ProjectConfigurationPlatforms) = postSolution
		{AB079708-2D99-4BFA-9A49-C78DAE0B7F26}.Debug|Any CPU.ActiveCfg = Debug|Any CPU
		{AB079708-2D99-4BFA-9A49-C78DAE0B7F26}.Debug|Any CPU.Build.0 = Debug|Any CPU
		{AB079708-2D99-4BFA-9A49-C78DAE0B7F26}.Release|Any CPU.ActiveCfg = Release|Any CPU
		{AB079708-2D99-4BFA-9A49-C78DAE0B7F26}.Release|Any CPU.Build.0 = Release|Any CPU
	EndGlobalSection
	GlobalSection(SolutionProperties) = preSolution
		HideSolutionNode = FALSE
	EndGlobalSection
	GlobalSection(ExtensibilityGlobals) = postSolution
		SolutionGuid = {34B1FD9B-D82F-459C-9E47-45D1E4EA5D6D}
	EndGlobalSection
EndGlobal
